<?xml version="1.0" encoding="utf-8"?>
<Project ToolsVersion="4.0" xmlns="http://schemas.microsoft.com/developer/msbuild/2003">
  <ItemGroup>
    <Filter Include="Source Files">
      <UniqueIdentifier>{4FC737F1-C7A5-4376-A066-2A32D752A2FF}</UniqueIdentifier>
      <Extensions>cpp;c;cc;cxx;c++;cppm;ixx;def;odl;idl;hpj;bat;asm;asmx</Extensions>
    </Filter>
    <Filter Include="Header Files">
      <UniqueIdentifier>{93995380-89BD-4b04-88EB-625FBE52EBFB}</UniqueIdentifier>
      <Extensions>h;hh;hpp;hxx;h++;hm;inl;inc;ipp;xsd</Extensions>
    </Filter>
    <Filter Include="Resource Files">
      <UniqueIdentifier>{67DA6AB6-F800-4c08-8B7A-83BB121AAD01}</UniqueIdentifier>
      <Extensions>rc;ico;cur;bmp;dlg;rc2;rct;bin;rgs;gif;jpg;jpeg;jpe;resx;tiff;tif;png;wav;mfcribbon-ms</Extensions>
    </Filter>
  </ItemGroup>
  <ItemGroup>
    <ClInclude Include="Tools\MyExceptions.h">
      <Filter>Header Files</Filter>
    </ClInclude>
    <ClInclude Include="Tools\Random.hpp">
      <Filter>Header Files</Filter>
    </ClInclude>
    <ClInclude Include="Tools\Settings.hpp">
      <Filter>Header Files</Filter>
    </ClInclude>
    <ClInclude Include="Winter-Exp01-InterviewArrangement\data_structure\DoublyCircularChain.h">
      <Filter>Header Files</Filter>
    </ClInclude>
    <ClInclude Include="Winter-Exp01-InterviewArrangement\solutions\W1_Solutions.h">
      <Filter>Header Files</Filter>
    </ClInclude>
    <ClInclude Include="Winter-Exp02-Train\data_structure\ArrayStack.h">
      <Filter>Header Files</Filter>
    </ClInclude>
    <ClInclude Include="Winter-Exp02-Train\solutions\Permutation.h">
      <Filter>Header Files</Filter>
    </ClInclude>
    <ClInclude Include="Winter-Exp02-Train\solutions\W2_Solutions.h">
      <Filter>Header Files</Filter>
    </ClInclude>
    <ClInclude Include="Winter-Exp02-Train\solutions\W2_Validation.h">
      <Filter>Header Files</Filter>
    </ClInclude>
    <ClInclude Include="Winter-Exp04-BinaryTree\data_structure\BinaryTree.h">
      <Filter>Header Files</Filter>
    </ClInclude>
    <ClInclude Include="Winter-Exp04-BinaryTree\solutions\W4_Solutions.h">
      <Filter>Header Files</Filter>
    </ClInclude>
    <ClInclude Include="Spring-Exp01-AdjacenctMatrixWeightedDirectedGraph\data_structure\AdjMatWDirGraph.h">
      <Filter>Header Files</Filter>
    </ClInclude>
    <ClInclude Include="Spring-Exp01-AdjacenctMatrixWeightedDirectedGraph\solutions\S1_Solutions.h">
      <Filter>Header Files</Filter>
    </ClInclude>
    <ClInclude Include="Spring-Exp01-AdjacenctMatrixWeightedDirectedGraph\data_structure\ShortestPath.h">
      <Filter>Header Files</Filter>
    </ClInclude>
    <ClInclude Include="Spring-Exp01-AdjacenctMatrixWeightedDirectedGraph\data_structure\SquareMatrix.h">
      <Filter>Header Files</Filter>
    </ClInclude>
    <ClInclude Include="Winter-Exp03-LiteratureAssistant\solutions\W3_Solution.h">
      <Filter>Header Files</Filter>
    </ClInclude>
    <ClInclude Include="Spring-Exp02-AdjacenctListWeightedUndirectedGraph\data_structure\AdjListEdge.h">
      <Filter>Header Files</Filter>
    </ClInclude>
    <ClInclude Include="Spring-Exp02-AdjacenctListWeightedUndirectedGraph\data_structure\AdjListWUndirGraph.h">
      <Filter>Header Files</Filter>
    </ClInclude>
    <ClInclude Include="Spring-Exp02-AdjacenctListWeightedUndirectedGraph\data_structure\DisjointSet.h">
      <Filter>Header Files</Filter>
    </ClInclude>
    <ClInclude Include="Spring-Exp02-AdjacenctListWeightedUndirectedGraph\data_structure\MinimumSpanningTree.h">
      <Filter>Header Files</Filter>
    </ClInclude>
    <ClInclude Include="Spring-Exp02-AdjacenctListWeightedUndirectedGraph\solutions\S2_Solutions.h">
      <Filter>Header Files</Filter>
    </ClInclude>
    <ClInclude Include="Spring-Exp03-Search\solutions\S3_Solutions.h">
      <Filter>Header Files</Filter>
    </ClInclude>
    <ClInclude Include="Spring-Exp03-Search\data_structure\BinarySearchTree.h">
      <Filter>Header Files</Filter>
    </ClInclude>
    <ClInclude Include="Spring-Exp03-Search\data_structure\BinarySearchTreeNode.h">
      <Filter>Header Files</Filter>
    </ClInclude>
  </ItemGroup>
  <ItemGroup>
    <ClCompile Include="Tools\Random.cpp">
      <Filter>Source Files</Filter>
    </ClCompile>
    <ClCompile Include="Tools\Settings.cpp">
      <Filter>Source Files</Filter>
    </ClCompile>
    <ClCompile Include="main.cpp">
      <Filter>Source Files</Filter>
    </ClCompile>
    <ClCompile Include="Winter-Exp01-InterviewArrangement\InterviewArrangement.cpp">
      <Filter>Source Files</Filter>
    </ClCompile>
    <ClCompile Include="Winter-Exp01-InterviewArrangement\solutions\W1_Solutions.cpp">
      <Filter>Source Files</Filter>
    </ClCompile>
    <ClCompile Include="Winter-Exp02-Train\Train.cpp">
      <Filter>Source Files</Filter>
    </ClCompile>
    <ClCompile Include="Winter-Exp02-Train\solutions\W2_Solutions.cpp">
      <Filter>Source Files</Filter>
    </ClCompile>
    <ClCompile Include="Winter-Exp02-Train\solutions\W2_Validation.cpp">
      <Filter>Source Files</Filter>
    </ClCompile>
    <ClCompile Include="Winter-Exp03-LiteratureAssistant\LiteratureAssistant.cpp">
      <Filter>Source Files</Filter>
    </ClCompile>
    <ClCompile Include="Winter-Exp03-LiteratureAssistant\solutions\W3_Solution.cpp">
      <Filter>Source Files</Filter>
    </ClCompile>
    <ClCompile Include="Winter-Exp04-BinaryTree\BinaryTreeTest.cpp">
      <Filter>Source Files</Filter>
    </ClCompile>
    <ClCompile Include="Winter-Exp04-BinaryTree\solutions\W4_Solutions.cpp">
      <Filter>Source Files</Filter>
    </ClCompile>
    <ClCompile Include="Spring-Exp01-AdjacenctMatrixWeightedDirectedGraph\AdjMatWDirGraphTest.cpp">
      <Filter>Source Files</Filter>
    </ClCompile>
    <ClCompile Include="Spring-Exp02-AdjacenctListWeightedUndirectedGraph\AdjListWUndirGraphTest.cpp">
      <Filter>Source Files</Filter>
    </ClCompile>
    <ClCompile Include="Spring-Exp03-Search\Search.cpp">
      <Filter>Source Files</Filter>
    </ClCompile>
    <ClCompile Include="Spring-Exp03-Search\solutions\S3_Solutions.cpp">
      <Filter>Source Files</Filter>
    </ClCompile>
  </ItemGroup>
</Project>